<?xml version="1.0" encoding="utf-8"?>
<Project ToolsVersion="4.0" xmlns="http://schemas.microsoft.com/developer/msbuild/2003">
  <ItemGroup>
    <Filter Include="src">
      <UniqueIdentifier>{af670380-0183-480f-bf8a-9d07e4b9f6aa}</UniqueIdentifier>
    </Filter>
    <Filter Include="src\tests">
      <UniqueIdentifier>{39f13c83-b53c-4d8e-97a2-a80497e3fc54}</UniqueIdentifier>
    </Filter>
  </ItemGroup>
  <ItemGroup>
    <ClCompile Include="src\tests\main.cpp">
      <Filter>src\tests</Filter>
    </ClCompile>
    <ClCompile Include="src\winsock_context.cpp">
      <Filter>src</Filter>
    </ClCompile>
    <ClCompile Include="src\tests\winsock_context_unittest.cpp">
      <Filter>src\tests</Filter>
    </ClCompile>
  </ItemGroup>
  <ItemGroup>
    <ClInclude Include="src\winsock_context.h">
      <Filter>src</Filter>
    </ClInclude>
    <ClInclude Include="src\scoped_socket.h">
      <Filter>src</Filter>
    </ClInclude>
  </ItemGroup>
</Project>