
Microsoft Visual Studio Solution File, Format Version 12.00
# Visual Studio 15
VisualStudioVersion = 15.0.27703.2047
MinimumVisualStudioVersion = 10.0.40219.1
Project("{8BC9CEB8-8B4A-11D0-8D11-00A0C91BC942}") = "NetworkInfraWin", "NetworkInfraWin.vcxproj", "{AE89C7D6-848B-4DFB-9DDD-AEFFAE214751}"
EndProject
Global
	GlobalSection(SolutionConfigurationPlatforms) = preSolution
		Debug|x64 = Debug|x64
		Debug|x86 = Debug|x86
		Release|x64 = Release|x64
		Release|x86 = Release|x86
	EndGlobalSection
	GlobalSection(ProjectConfigurationPlatforms) = postSolution
		{AE89C7D6-848B-4DFB-9DDD-AEFFAE214751}.Debug|x64.ActiveCfg = Debug|x64
		{AE89C7D6-848B-4DFB-9DDD-AEFFAE214751}.Debug|x64.Build.0 = Debug|x64
		{AE89C7D6-848B-4DFB-9DDD-AEFFAE214751}.Debug|x86.ActiveCfg = Debug|Win32
		{AE89C7D6-848B-4DFB-9DDD-AEFFAE214751}.Debug|x86.Build.0 = Debug|Win32
		{AE89C7D6-848B-4DFB-9DDD-AEFFAE214751}.Release|x64.ActiveCfg = Release|x64
		{AE89C7D6-848B-4DFB-9DDD-AEFFAE214751}.Release|x64.Build.0 = Release|x64
		{AE89C7D6-848B-4DFB-9DDD-AEFFAE214751}.Release|x86.ActiveCfg = Release|Win32
		{AE89C7D6-848B-4DFB-9DDD-AEFFAE214751}.Release|x86.Build.0 = Release|Win32
	EndGlobalSection
	GlobalSection(SolutionProperties) = preSolution
		HideSolutionNode = FALSE
	EndGlobalSection
	GlobalSection(ExtensibilityGlobals) = postSolution
		SolutionGuid = {048808EE-008D-4406-A69A-2309925A3BF6}
	EndGlobalSection
EndGlobal
