
Microsoft Visual Studio Solution File, Format Version 12.00
# Visual Studio 15
VisualStudioVersion = 15.0.27428.2037
MinimumVisualStudioVersion = 10.0.40219.1
Project("{8BC9CEB8-8B4A-11D0-8D11-00A0C91BC942}") = "TinyThreadPool", "TinyThreadPool.vcxproj", "{CCFDC0C0-8466-45C5-9C3F-D823C0CBEB4F}"
EndProject
Global
	GlobalSection(SolutionConfigurationPlatforms) = preSolution
		Debug|x64 = Debug|x64
		Debug|x86 = Debug|x86
		Release|x64 = Release|x64
		Release|x86 = Release|x86
	EndGlobalSection
	GlobalSection(ProjectConfigurationPlatforms) = postSolution
		{CCFDC0C0-8466-45C5-9C3F-D823C0CBEB4F}.Debug|x64.ActiveCfg = Debug|x64
		{CCFDC0C0-8466-45C5-9C3F-D823C0CBEB4F}.Debug|x64.Build.0 = Debug|x64
		{CCFDC0C0-8466-45C5-9C3F-D823C0CBEB4F}.Debug|x86.ActiveCfg = Debug|Win32
		{CCFDC0C0-8466-45C5-9C3F-D823C0CBEB4F}.Debug|x86.Build.0 = Debug|Win32
		{CCFDC0C0-8466-45C5-9C3F-D823C0CBEB4F}.Release|x64.ActiveCfg = Release|x64
		{CCFDC0C0-8466-45C5-9C3F-D823C0CBEB4F}.Release|x64.Build.0 = Release|x64
		{CCFDC0C0-8466-45C5-9C3F-D823C0CBEB4F}.Release|x86.ActiveCfg = Release|Win32
		{CCFDC0C0-8466-45C5-9C3F-D823C0CBEB4F}.Release|x86.Build.0 = Release|Win32
	EndGlobalSection
	GlobalSection(SolutionProperties) = preSolution
		HideSolutionNode = FALSE
	EndGlobalSection
	GlobalSection(ExtensibilityGlobals) = postSolution
		SolutionGuid = {4A0F2E70-2081-4D7E-B60C-3E1FBAAB58C5}
	EndGlobalSection
EndGlobal
