<?xml version="1.0" encoding="utf-8"?>
<Project ToolsVersion="4.0" xmlns="http://schemas.microsoft.com/developer/msbuild/2003">
  <ItemGroup>
    <Filter Include="Resource Files">
      <UniqueIdentifier>{67DA6AB6-F800-4c08-8B7A-83BB121AAD01}</UniqueIdentifier>
      <Extensions>rc;ico;cur;bmp;dlg;rc2;rct;bin;rgs;gif;jpg;jpeg;jpe;resx;tiff;tif;png;wav;mfcribbon-ms</Extensions>
    </Filter>
    <Filter Include="hello_world">
      <UniqueIdentifier>{10e48cdc-26c8-4eb8-bec9-c52c3b911d51}</UniqueIdentifier>
    </Filter>
    <Filter Include="managing_threads">
      <UniqueIdentifier>{0e3c0c9c-2c5c-4e84-b1d6-488a1df90437}</UniqueIdentifier>
    </Filter>
    <Filter Include="sharing_data_between_threads">
      <UniqueIdentifier>{ccfc1110-edd4-463e-962a-25e1ca3d4953}</UniqueIdentifier>
    </Filter>
    <Filter Include="using_futures">
      <UniqueIdentifier>{d90b8cd8-b595-4a0c-b543-ad49e5767a14}</UniqueIdentifier>
    </Filter>
  </ItemGroup>
  <ItemGroup>
    <ClCompile Include="main.cpp" />
    <ClCompile Include="hello_world\hello_world.cpp">
      <Filter>hello_world</Filter>
    </ClCompile>
    <ClCompile Include="managing_threads\wait_threads_complete.cpp">
      <Filter>managing_threads</Filter>
    </ClCompile>
    <ClCompile Include="managing_threads\parallel_accumulate.cpp">
      <Filter>managing_threads</Filter>
    </ClCompile>
    <ClCompile Include="sharing_data_between_threads\hierarchical_mutex.cpp">
      <Filter>sharing_data_between_threads</Filter>
    </ClCompile>
    <ClCompile Include="using_futures\packaged_tasks.cpp">
      <Filter>using_futures</Filter>
    </ClCompile>
    <ClCompile Include="using_futures\promises.cpp">
      <Filter>using_futures</Filter>
    </ClCompile>
  </ItemGroup>
  <ItemGroup>
    <ClInclude Include="managing_threads\scoped_thread.h">
      <Filter>managing_threads</Filter>
    </ClInclude>
    <ClInclude Include="managing_threads\parallel_accumulate.h">
      <Filter>managing_threads</Filter>
    </ClInclude>
    <ClInclude Include="sharing_data_between_threads\hierarchical_mutex.h">
      <Filter>sharing_data_between_threads</Filter>
    </ClInclude>
  </ItemGroup>
</Project>