<?xml version="1.0" encoding="utf-8"?>
<Project ToolsVersion="4.0" xmlns="http://schemas.microsoft.com/developer/msbuild/2003">
  <ItemGroup>
    <Filter Include="memory_management">
      <UniqueIdentifier>{78b39a8b-7663-47a1-9422-7c7845d34a70}</UniqueIdentifier>
    </Filter>
    <Filter Include="advanced_thread_synchronization">
      <UniqueIdentifier>{35936d8d-f4ba-42ff-add1-e4d5acbf7dcb}</UniqueIdentifier>
    </Filter>
    <Filter Include="interprocess_communication">
      <UniqueIdentifier>{5ed8253e-34ce-4d05-a133-ddbeadfa028c}</UniqueIdentifier>
    </Filter>
    <Filter Include="windows_sockets">
      <UniqueIdentifier>{0324db76-2bd8-47e2-9130-56682899d320}</UniqueIdentifier>
    </Filter>
    <Filter Include="asynchronous_io">
      <UniqueIdentifier>{76fb7794-0e01-43fd-8cbd-f01413e01344}</UniqueIdentifier>
    </Filter>
  </ItemGroup>
  <ItemGroup>
    <ClCompile Include="main.cpp" />
    <ClCompile Include="memory_management\memory_mapped_file.cpp">
      <Filter>memory_management</Filter>
    </ClCompile>
    <ClCompile Include="advanced_thread_synchronization\apc.cpp">
      <Filter>advanced_thread_synchronization</Filter>
    </ClCompile>
    <ClCompile Include="advanced_thread_synchronization\blocking_queue_with_nt_cond.cpp">
      <Filter>advanced_thread_synchronization</Filter>
    </ClCompile>
    <ClCompile Include="advanced_thread_synchronization\broadcast_event.cpp">
      <Filter>advanced_thread_synchronization</Filter>
    </ClCompile>
    <ClCompile Include="interprocess_communication\anonymous_pipe.cpp">
      <Filter>interprocess_communication</Filter>
    </ClCompile>
    <ClCompile Include="interprocess_communication\named_pipe.cpp">
      <Filter>interprocess_communication</Filter>
    </ClCompile>
    <ClCompile Include="windows_sockets\socket_message.cpp">
      <Filter>windows_sockets</Filter>
    </ClCompile>
    <ClCompile Include="asynchronous_io\overlapped_io.cpp">
      <Filter>asynchronous_io</Filter>
    </ClCompile>
    <ClCompile Include="asynchronous_io\extended_io.cpp">
      <Filter>asynchronous_io</Filter>
    </ClCompile>
  </ItemGroup>
  <ItemGroup>
    <ClInclude Include="advanced_thread_synchronization\blocking_queue_with_nt_cond.h">
      <Filter>advanced_thread_synchronization</Filter>
    </ClInclude>
  </ItemGroup>
</Project>